
Microsoft Visual Studio Solution File, Format Version 12.00
# Visual Studio Version 17
VisualStudioVersion = 17.12.35527.113
MinimumVisualStudioVersion = 10.0.40219.1
Project("{FAE04EC0-301F-11D3-BF4B-00C04F79EFBC}") = "TodoTaskService", "TodoTaskService\TodoTaskService.csproj", "{CC37A9A0-D181-48B8-BB6E-3B382048E825}"
EndProject
Project("{2150E333-8FDC-42A3-9474-1A3956D46DE8}") = "K8S", "K8S", "{D35F0803-8A59-4162-A538-8A8C4E9E9E2D}"
	ProjectSection(SolutionItems) = preProject
		K8S\todotask-depl.yaml = K8S\todotask-depl.yaml
		K8S\todotask-np-srv.yaml = K8S\todotask-np-srv.yaml
	EndProjectSection
EndProject
Project("{FAE04EC0-301F-11D3-BF4B-00C04F79EFBC}") = "UserService", "UserService\UserService.csproj", "{5D06BFFA-F431-49C7-AB69-E5262728131B}"
EndProject
Global
	GlobalSection(SolutionConfigurationPlatforms) = preSolution
		Debug|Any CPU = Debug|Any CPU
		Release|Any CPU = Release|Any CPU
	EndGlobalSection
	GlobalSection(ProjectConfigurationPlatforms) = postSolution
		{CC37A9A0-D181-48B8-BB6E-3B382048E825}.Debug|Any CPU.ActiveCfg = Debug|Any CPU
		{CC37A9A0-D181-48B8-BB6E-3B382048E825}.Debug|Any CPU.Build.0 = Debug|Any CPU
		{CC37A9A0-D181-48B8-BB6E-3B382048E825}.Release|Any CPU.ActiveCfg = Release|Any CPU
		{CC37A9A0-D181-48B8-BB6E-3B382048E825}.Release|Any CPU.Build.0 = Release|Any CPU
		{5D06BFFA-F431-49C7-AB69-E5262728131B}.Debug|Any CPU.ActiveCfg = Debug|Any CPU
		{5D06BFFA-F431-49C7-AB69-E5262728131B}.Debug|Any CPU.Build.0 = Debug|Any CPU
		{5D06BFFA-F431-49C7-AB69-E5262728131B}.Release|Any CPU.ActiveCfg = Release|Any CPU
		{5D06BFFA-F431-49C7-AB69-E5262728131B}.Release|Any CPU.Build.0 = Release|Any CPU
	EndGlobalSection
	GlobalSection(SolutionProperties) = preSolution
		HideSolutionNode = FALSE
	EndGlobalSection
EndGlobal
